
Microsoft Visual Studio Solution File, Format Version 12.00
# Visual Studio 15
VisualStudioVersion = 15.0.27703.2026
MinimumVisualStudioVersion = 10.0.40219.1
Project("{9092AA53-FB77-4645-B42D-1CCCA6BD08BD}") = "WpDataManagement", "WpDataManagement.njsproj", "{EB8489FF-9B47-449F-ADAE-A5799C5732FA}"
EndProject
Global
	GlobalSection(SolutionConfigurationPlatforms) = preSolution
		Debug|Any CPU = Debug|Any CPU
		Release|Any CPU = Release|Any CPU
	EndGlobalSection
	GlobalSection(ProjectConfigurationPlatforms) = postSolution
		{EB8489FF-9B47-449F-ADAE-A5799C5732FA}.Debug|Any CPU.ActiveCfg = Debug|Any CPU
		{EB8489FF-9B47-449F-ADAE-A5799C5732FA}.Debug|Any CPU.Build.0 = Debug|Any CPU
		{EB8489FF-9B47-449F-ADAE-A5799C5732FA}.Release|Any CPU.ActiveCfg = Release|Any CPU
		{EB8489FF-9B47-449F-ADAE-A5799C5732FA}.Release|Any CPU.Build.0 = Release|Any CPU
	EndGlobalSection
	GlobalSection(SolutionProperties) = preSolution
		HideSolutionNode = FALSE
	EndGlobalSection
	GlobalSection(ExtensibilityGlobals) = postSolution
		SolutionGuid = {367C0150-6294-4DEF-B35A-5217F8C8A972}
	EndGlobalSection
EndGlobal
